
Microsoft Visual Studio Solution File, Format Version 11.00
# Visual Studio 2010
Project("{FAE04EC0-301F-11D3-BF4B-00C04F79EFBC}") = "TipCalculator", "TipCalculator\TipCalculator.csproj", "{C99BC2B2-4AFB-4E7F-97A5-591C9AF2E7EA}"
EndProject
Project("{F2A71F9B-5D33-465A-A702-920D77279786}") = "TipCalLibs", "TipCalLibs\TipCalLibs.fsproj", "{DCCE318F-8504-417D-A55C-DD513B791CDE}"
EndProject
Global
	GlobalSection(SolutionConfigurationPlatforms) = preSolution
		Debug|Any CPU = Debug|Any CPU
		Release|Any CPU = Release|Any CPU
	EndGlobalSection
	GlobalSection(ProjectConfigurationPlatforms) = postSolution
		{C99BC2B2-4AFB-4E7F-97A5-591C9AF2E7EA}.Debug|Any CPU.ActiveCfg = Debug|Any CPU
		{C99BC2B2-4AFB-4E7F-97A5-591C9AF2E7EA}.Debug|Any CPU.Build.0 = Debug|Any CPU
		{C99BC2B2-4AFB-4E7F-97A5-591C9AF2E7EA}.Debug|Any CPU.Deploy.0 = Debug|Any CPU
		{C99BC2B2-4AFB-4E7F-97A5-591C9AF2E7EA}.Release|Any CPU.ActiveCfg = Release|Any CPU
		{C99BC2B2-4AFB-4E7F-97A5-591C9AF2E7EA}.Release|Any CPU.Build.0 = Release|Any CPU
		{C99BC2B2-4AFB-4E7F-97A5-591C9AF2E7EA}.Release|Any CPU.Deploy.0 = Release|Any CPU
		{DCCE318F-8504-417D-A55C-DD513B791CDE}.Debug|Any CPU.ActiveCfg = Debug|Any CPU
		{DCCE318F-8504-417D-A55C-DD513B791CDE}.Debug|Any CPU.Build.0 = Debug|Any CPU
		{DCCE318F-8504-417D-A55C-DD513B791CDE}.Release|Any CPU.ActiveCfg = Release|Any CPU
		{DCCE318F-8504-417D-A55C-DD513B791CDE}.Release|Any CPU.Build.0 = Release|Any CPU
	EndGlobalSection
	GlobalSection(SolutionProperties) = preSolution
		HideSolutionNode = FALSE
	EndGlobalSection
EndGlobal
